
Microsoft Visual Studio Solution File, Format Version 12.00
# Visual Studio Version 17
VisualStudioVersion = 17.3.32922.545
MinimumVisualStudioVersion = 10.0.40219.1
Project("{FAE04EC0-301F-11D3-BF4B-00C04F79EFBC}") = "VacationManagerWeb", "VacationManagerWeb\VacationManagerWeb.csproj", "{DE713148-6E4F-43FF-BE9C-E88A116D734F}"
EndProject
Global
	GlobalSection(SolutionConfigurationPlatforms) = preSolution
		Debug|Any CPU = Debug|Any CPU
		Release|Any CPU = Release|Any CPU
	EndGlobalSection
	GlobalSection(ProjectConfigurationPlatforms) = postSolution
		{DE713148-6E4F-43FF-BE9C-E88A116D734F}.Debug|Any CPU.ActiveCfg = Debug|Any CPU
		{DE713148-6E4F-43FF-BE9C-E88A116D734F}.Debug|Any CPU.Build.0 = Debug|Any CPU
		{DE713148-6E4F-43FF-BE9C-E88A116D734F}.Release|Any CPU.ActiveCfg = Release|Any CPU
		{DE713148-6E4F-43FF-BE9C-E88A116D734F}.Release|Any CPU.Build.0 = Release|Any CPU
	EndGlobalSection
	GlobalSection(SolutionProperties) = preSolution
		HideSolutionNode = FALSE
	EndGlobalSection
	GlobalSection(ExtensibilityGlobals) = postSolution
		SolutionGuid = {D877365E-8574-41A9-82CE-72C71B8119C7}
	EndGlobalSection
EndGlobal
